PODS:
  - Flutter (1.0.0)
  - GCDWebServer (3.5.4):
    - GCDWebServer/Core (= 3.5.4)
  - GCDWebServer/Core (3.5.4)
  - integration_test (0.0.1):
    - Flutter
  - video_player (0.0.1):
    - Flutter
    - GCDWebServer

DEPENDENCIES:
  - Flutter (from `Flutter`)
  - integration_test (from `.symlinks/plugins/integration_test/ios`)
  - video_player (from `.symlinks/plugins/video_player/ios`)

SPEC REPOS:
  trunk:
    - GCDWebServer

EXTERNAL SOURCES:
  Flutter:
    :path: Flutter
  integration_test:
    :path: ".symlinks/plugins/integration_test/ios"
  video_player:
    :path: ".symlinks/plugins/video_player/ios"

SPEC CHECKSUMS:
  Flutter: e0871f40cf51350855a761d2e70bf5af5b9b5de7
  GCDWebServer: 2c156a56c8226e2d5c0c3f208a3621ccffbe3ce4
  integration_test: 4a889634ef21a45d28d50d622cf412dc6d9f586e
  video_player: fc61d537b5c2072db34a6adcc5235ea4a002593b

PODFILE CHECKSUM: ee9211a07916c3463a676bc9bc34e6e6367dcad1

COCOAPODS: 1.16.2
